
Microsoft Visual Studio Solution File, Format Version 12.00
# Visual Studio Version 16
VisualStudioVersion = 16.0.29806.167
MinimumVisualStudioVersion = 10.0.40219.1
Project("{FAE04EC0-301F-11D3-BF4B-00C04F79EFBC}") = "On the Horizon", "Game1\On the Horizon.csproj", "{354939F8-3797-4B74-81EB-EC4B9F2ACB93}"
EndProject
Global
	GlobalSection(SolutionConfigurationPlatforms) = preSolution
		Debug|Any CPU = Debug|Any CPU
		Release|Any CPU = Release|Any CPU
	EndGlobalSection
	GlobalSection(ProjectConfigurationPlatforms) = postSolution
		{354939F8-3797-4B74-81EB-EC4B9F2ACB93}.Debug|Any CPU.ActiveCfg = Debug|Any CPU
		{354939F8-3797-4B74-81EB-EC4B9F2ACB93}.Debug|Any CPU.Build.0 = Debug|Any CPU
		{354939F8-3797-4B74-81EB-EC4B9F2ACB93}.Release|Any CPU.ActiveCfg = Release|Any CPU
		{354939F8-3797-4B74-81EB-EC4B9F2ACB93}.Release|Any CPU.Build.0 = Release|Any CPU
	EndGlobalSection
	GlobalSection(SolutionProperties) = preSolution
		HideSolutionNode = FALSE
	EndGlobalSection
	GlobalSection(ExtensibilityGlobals) = postSolution
		SolutionGuid = {92B3E799-725F-47F9-8194-A9A4B08DA413}
	EndGlobalSection
EndGlobal
